
Microsoft Visual Studio Solution File, Format Version 12.00
# Visual Studio Version 16
VisualStudioVersion = 16.0.31729.503
MinimumVisualStudioVersion = 10.0.40219.1
Project("{F184B08F-C81C-45F6-A57F-5ABD9991F28F}") = "Code39ReaderSample", "Code39ReaderSample\Code39ReaderSample.vbproj", "{8BAF0EA0-239A-405B-969A-4F457F79C9E6}"
EndProject
Global
	GlobalSection(SolutionConfigurationPlatforms) = preSolution
		Debug|x64 = Debug|x64
		Debug|x86 = Debug|x86
		Release|x64 = Release|x64
		Release|x86 = Release|x86
	EndGlobalSection
	GlobalSection(ProjectConfigurationPlatforms) = postSolution
		{8BAF0EA0-239A-405B-969A-4F457F79C9E6}.Debug|x64.ActiveCfg = Debug|x64
		{8BAF0EA0-239A-405B-969A-4F457F79C9E6}.Debug|x64.Build.0 = Debug|x64
		{8BAF0EA0-239A-405B-969A-4F457F79C9E6}.Debug|x86.ActiveCfg = Debug|x86
		{8BAF0EA0-239A-405B-969A-4F457F79C9E6}.Debug|x86.Build.0 = Debug|x86
		{8BAF0EA0-239A-405B-969A-4F457F79C9E6}.Release|x64.ActiveCfg = Release|x64
		{8BAF0EA0-239A-405B-969A-4F457F79C9E6}.Release|x64.Build.0 = Release|x64
		{8BAF0EA0-239A-405B-969A-4F457F79C9E6}.Release|x86.ActiveCfg = Release|x86
		{8BAF0EA0-239A-405B-969A-4F457F79C9E6}.Release|x86.Build.0 = Release|x86
	EndGlobalSection
	GlobalSection(SolutionProperties) = preSolution
		HideSolutionNode = FALSE
	EndGlobalSection
	GlobalSection(ExtensibilityGlobals) = postSolution
		SolutionGuid = {9B4EF856-81D7-4CFB-9B1B-50A09123DA97}
	EndGlobalSection
EndGlobal
